
Microsoft Visual Studio Solution File, Format Version 12.00
# Visual Studio Version 17
VisualStudioVersion = 17.10.35027.167
MinimumVisualStudioVersion = 10.0.40219.1
Project("{FAE04EC0-301F-11D3-BF4B-00C04F79EFBC}") = "DeliveryService", "DeliveryService\DeliveryService.csproj", "{AD00C08B-13D5-4518-9F5A-3419E7D7E34B}"
EndProject
Global
	GlobalSection(SolutionConfigurationPlatforms) = preSolution
		Debug|Any CPU = Debug|Any CPU
		Release|Any CPU = Release|Any CPU
	EndGlobalSection
	GlobalSection(ProjectConfigurationPlatforms) = postSolution
		{AD00C08B-13D5-4518-9F5A-3419E7D7E34B}.Debug|Any CPU.ActiveCfg = Debug|Any CPU
		{AD00C08B-13D5-4518-9F5A-3419E7D7E34B}.Debug|Any CPU.Build.0 = Debug|Any CPU
		{AD00C08B-13D5-4518-9F5A-3419E7D7E34B}.Release|Any CPU.ActiveCfg = Release|Any CPU
		{AD00C08B-13D5-4518-9F5A-3419E7D7E34B}.Release|Any CPU.Build.0 = Release|Any CPU
	EndGlobalSection
	GlobalSection(SolutionProperties) = preSolution
		HideSolutionNode = FALSE
	EndGlobalSection
	GlobalSection(ExtensibilityGlobals) = postSolution
		SolutionGuid = {02E22286-35A1-4430-8220-29469169F4AC}
	EndGlobalSection
EndGlobal
